
Microsoft Visual Studio Solution File, Format Version 12.00
# Visual Studio Version 17
VisualStudioVersion = 17.14.36429.23
MinimumVisualStudioVersion = 10.0.40219.1
Project("{2150E333-8FDC-42A3-9474-1A3956D46DE8}") = "Task0", "Task0", "{02EA681E-C7D8-13C7-8484-4AC65E1B71E8}"
EndProject
Project("{FAE04EC0-301F-11D3-BF4B-00C04F79EFBC}") = "Tyuiu.OzdoevaLM.Sprint0.Task0.V0", "Tyuiu.OzdoevaLM.Sprint0.Task0.V0\Tyuiu.OzdoevaLM.Sprint0.Task0.V0.csproj", "{F03AD481-FFFA-449A-89E9-0BFC5A25B4F4}"
EndProject
Project("{2150E333-8FDC-42A3-9474-1A3956D46DE8}") = "Task1", "Task1", "{8DFC7D77-D4A4-422B-A4D2-666C87C6C959}"
EndProject
Project("{FAE04EC0-301F-11D3-BF4B-00C04F79EFBC}") = "Tyuiu.OzdoevaLM.Sprint0.Task1.V0", "Tyuiu.OzdoevaLM.Sprint0.Task1.V0\Tyuiu.OzdoevaLM.Sprint0.Task1.V0.csproj", "{A2A0D981-3568-416E-A8CE-94E7EBA7725B}"
EndProject
Project("{2150E333-8FDC-42A3-9474-1A3956D46DE8}") = "Task2", "Task2", "{3144CAA0-AE6E-4AA8-BF3C-60BCD9479FBA}"
EndProject
Project("{FAE04EC0-301F-11D3-BF4B-00C04F79EFBC}") = "Tyuiu.OzdoevaLM.Sprint0.Task2.V0", "Tyuiu.OzdoevaLM.Sprint0.Task2.V0\Tyuiu.OzdoevaLM.Sprint0.Task2.V0.csproj", "{55DF9DAE-9266-4203-B6B4-5ADDEA5571A0}"
EndProject
Project("{FAE04EC0-301F-11D3-BF4B-00C04F79EFBC}") = "Tyuiu.OzdoevaLM.Sprint0.Task2.V0.Lib", "Tyuiu.OzdoevaLM.Sprint0.Task2.V0.Lib\Tyuiu.OzdoevaLM.Sprint0.Task2.V0.Lib.csproj", "{FB1956A3-F03C-417A-9BEA-B6B0807989E5}"
EndProject
Project("{FAE04EC0-301F-11D3-BF4B-00C04F79EFBC}") = "Tyuiu.OzdoevaLM.Sprint0.Task2.V0.Test", "Tyuiu.OzdoevaLM.Sprint0.Task2.V0.Test\Tyuiu.OzdoevaLM.Sprint0.Task2.V0.Test.csproj", "{86DFD823-9A94-417A-A1C8-54C42AF09318}"
EndProject
Project("{2150E333-8FDC-42A3-9474-1A3956D46DE8}") = "Task3", "Task3", "{BDD98AB9-7751-49BB-ACEB-5E2AC8F137CA}"
EndProject
Project("{FAE04EC0-301F-11D3-BF4B-00C04F79EFBC}") = "Tyuiu.OzdoevaLM.Sprint0.Task3.V0", "Tyuiu.OzdoevaLM.Sprint0.Task3.V0\Tyuiu.OzdoevaLM.Sprint0.Task3.V0.csproj", "{178E0115-DA01-4036-881F-6D08A05FF497}"
EndProject
Project("{FAE04EC0-301F-11D3-BF4B-00C04F79EFBC}") = "Tyuiu.OzdoevaLM.Sprint0.Task3.V0.Lib", "Tyuiu.OzdoevaLM.Sprint0.Task3.Lib\Tyuiu.OzdoevaLM.Sprint0.Task3.V0.Lib.csproj", "{D2A798AB-26B1-4765-80CA-8FE66C1456A2}"
EndProject
Project("{FAE04EC0-301F-11D3-BF4B-00C04F79EFBC}") = "Tyuiu.OzdoevaLM.Sprint0.Task3.V0.Test", "Tyuiu.OzdoevaLM.Sprint0.Task3.Test\Tyuiu.OzdoevaLM.Sprint0.Task3.V0.Test.csproj", "{C82C0E0E-946D-443A-95FB-1180909DAF60}"
EndProject
Project("{2150E333-8FDC-42A3-9474-1A3956D46DE8}") = "Task4", "Task4", "{AEFCD948-C2B7-4D0E-9E8C-228BC7694A48}"
EndProject
Project("{FAE04EC0-301F-11D3-BF4B-00C04F79EFBC}") = "Tyuiu.OzdoevaLM.Sprint0.Task4.V0", "Tyuiu.OzdoevaLM.Sprint0.Task4.V0\Tyuiu.OzdoevaLM.Sprint0.Task4.V0.csproj", "{41CC4F7A-DAA9-4162-B602-244DE220DE7E}"
EndProject
Project("{FAE04EC0-301F-11D3-BF4B-00C04F79EFBC}") = "Tyuiu.OzdoevaLM.Sprint0.Task4.V0.Lib", "Tyuiu.OzdoevaLM.Sprint0.Task4.V0.Lib\Tyuiu.OzdoevaLM.Sprint0.Task4.V0.Lib.csproj", "{BF30F3D1-5152-44F5-A55D-B08599531D48}"
EndProject
Project("{FAE04EC0-301F-11D3-BF4B-00C04F79EFBC}") = "Tyuiu.OzdoevaLM.Sprint0.Task4.V0.Test", "Tyuiu.OzdoevaLM.Sprint0.Task4.V0.Test\Tyuiu.OzdoevaLM.Sprint0.Task4.V0.Test.csproj", "{D275AA65-A4EB-474B-A271-CE065CB9C1D6}"
EndProject
Project("{2150E333-8FDC-42A3-9474-1A3956D46DE8}") = "Task5", "Task5", "{0924514E-2311-44CB-8FC0-A01443112230}"
EndProject
Project("{FAE04EC0-301F-11D3-BF4B-00C04F79EFBC}") = "Tyuiu.OzdoevaLM.Sprint0.Task5.V0", "Tyuiu.OzdoevaLM.Sprint0.Task5.V0\Tyuiu.OzdoevaLM.Sprint0.Task5.V0.csproj", "{1E2FDD7B-4F6A-47BE-AD7C-A4FBD79C5551}"
EndProject
Project("{FAE04EC0-301F-11D3-BF4B-00C04F79EFBC}") = "Tyuiu.OzdoevaLM.Sprint0.Task5.V0.Lib", "Tyuiu.OzdoevaLM.Sprint0.Task5.V0.Lib\Tyuiu.OzdoevaLM.Sprint0.Task5.V0.Lib.csproj", "{4C18FABA-F081-4DB9-8188-F676166B464A}"
EndProject
Project("{FAE04EC0-301F-11D3-BF4B-00C04F79EFBC}") = "Tyuiu.OzdoevaLM.Sprint0.Task5.V0.Test", "Tyuiu.OzdoevaLM.Sprint0.Task5.V0.Test\Tyuiu.OzdoevaLM.Sprint0.Task5.V0.Test.csproj", "{3F82D9D5-3F5A-42A0-9182-1FE54E99CE94}"
EndProject
Project("{2150E333-8FDC-42A3-9474-1A3956D46DE8}") = "Task6", "Task6", "{2771DD75-462E-4663-9111-1731BE2E3237}"
EndProject
Project("{FAE04EC0-301F-11D3-BF4B-00C04F79EFBC}") = "Tyuiu.OzdoevaLM.Sprint0.Task6.V0", "Tyuiu.OzdoevaLM.Sprint0.Task6.V0\Tyuiu.OzdoevaLM.Sprint0.Task6.V0.csproj", "{EF2683EF-5609-46A8-BC34-E7417213131D}"
EndProject
Project("{FAE04EC0-301F-11D3-BF4B-00C04F79EFBC}") = "Tyuiu.OzdoevaLM.Sprint0.Task6.V0.Lib", "Tyuiu.OzdoevaLM.Sprint0.Task6.V0.Lib\Tyuiu.OzdoevaLM.Sprint0.Task6.V0.Lib.csproj", "{ADDCC09B-300F-4040-B6D2-9CDCFF711470}"
EndProject
Project("{FAE04EC0-301F-11D3-BF4B-00C04F79EFBC}") = "Tyuiu.OzdoevaLM.Sprint0.Task6.V0.Test", "Tyuiu.OzdoevaLM.Sprint0.Task6.V0.Test\Tyuiu.OzdoevaLM.Sprint0.Task6.V0.Test.csproj", "{7B67F365-AA09-4F05-B0D0-FD5BB12AB2A5}"
EndProject
Project("{2150E333-8FDC-42A3-9474-1A3956D46DE8}") = "Task7", "Task7", "{11791A37-7F72-48A8-9682-9FE4D7E3D743}"
EndProject
Project("{FAE04EC0-301F-11D3-BF4B-00C04F79EFBC}") = "Tyuiu.OzdoevaLM.Sprint0.Task7.V0", "Tyuiu.OzdoevaLM.Sprint0.Task7.V0\Tyuiu.OzdoevaLM.Sprint0.Task7.V0.csproj", "{CB1FE655-8440-4E12-9163-FC852E5CBBEC}"
EndProject
Project("{FAE04EC0-301F-11D3-BF4B-00C04F79EFBC}") = "Tyuiu.OzdoevaLM.Sprint0.Task7.V0.Lib", "Tyuiu.OzdoevaLM.Sprint0.Task7.V0.Lib\Tyuiu.OzdoevaLM.Sprint0.Task7.V0.Lib.csproj", "{9D130121-7858-4860-ACCD-C8B5B689DB90}"
EndProject
Project("{FAE04EC0-301F-11D3-BF4B-00C04F79EFBC}") = "Tyuiu.OzdoevaLM.Sprint0.Task7.V0.Test", "Tyuiu.OzdoevaLM.Sprint0.Task7.V0.Test\Tyuiu.OzdoevaLM.Sprint0.Task7.V0.Test.csproj", "{DD04370E-65EE-4DC5-ACF0-65EAFD665554}"
EndProject
Global
	GlobalSection(SolutionConfigurationPlatforms) = preSolution
		Debug|Any CPU = Debug|Any CPU
		Release|Any CPU = Release|Any CPU
	EndGlobalSection
	GlobalSection(ProjectConfigurationPlatforms) = postSolution
		{F03AD481-FFFA-449A-89E9-0BFC5A25B4F4}.Debug|Any CPU.ActiveCfg = Debug|Any CPU
		{F03AD481-FFFA-449A-89E9-0BFC5A25B4F4}.Debug|Any CPU.Build.0 = Debug|Any CPU
		{F03AD481-FFFA-449A-89E9-0BFC5A25B4F4}.Release|Any CPU.ActiveCfg = Release|Any CPU
		{F03AD481-FFFA-449A-89E9-0BFC5A25B4F4}.Release|Any CPU.Build.0 = Release|Any CPU
		{A2A0D981-3568-416E-A8CE-94E7EBA7725B}.Debug|Any CPU.ActiveCfg = Debug|Any CPU
		{A2A0D981-3568-416E-A8CE-94E7EBA7725B}.Debug|Any CPU.Build.0 = Debug|Any CPU
		{A2A0D981-3568-416E-A8CE-94E7EBA7725B}.Release|Any CPU.ActiveCfg = Release|Any CPU
		{A2A0D981-3568-416E-A8CE-94E7EBA7725B}.Release|Any CPU.Build.0 = Release|Any CPU
		{55DF9DAE-9266-4203-B6B4-5ADDEA5571A0}.Debug|Any CPU.ActiveCfg = Debug|Any CPU
		{55DF9DAE-9266-4203-B6B4-5ADDEA5571A0}.Debug|Any CPU.Build.0 = Debug|Any CPU
		{55DF9DAE-9266-4203-B6B4-5ADDEA5571A0}.Release|Any CPU.ActiveCfg = Release|Any CPU
		{55DF9DAE-9266-4203-B6B4-5ADDEA5571A0}.Release|Any CPU.Build.0 = Release|Any CPU
		{FB1956A3-F03C-417A-9BEA-B6B0807989E5}.Debug|Any CPU.ActiveCfg = Debug|Any CPU
		{FB1956A3-F03C-417A-9BEA-B6B0807989E5}.Debug|Any CPU.Build.0 = Debug|Any CPU
		{FB1956A3-F03C-417A-9BEA-B6B0807989E5}.Release|Any CPU.ActiveCfg = Release|Any CPU
		{FB1956A3-F03C-417A-9BEA-B6B0807989E5}.Release|Any CPU.Build.0 = Release|Any CPU
		{86DFD823-9A94-417A-A1C8-54C42AF09318}.Debug|Any CPU.ActiveCfg = Debug|Any CPU
		{86DFD823-9A94-417A-A1C8-54C42AF09318}.Debug|Any CPU.Build.0 = Debug|Any CPU
		{86DFD823-9A94-417A-A1C8-54C42AF09318}.Release|Any CPU.ActiveCfg = Release|Any CPU
		{86DFD823-9A94-417A-A1C8-54C42AF09318}.Release|Any CPU.Build.0 = Release|Any CPU
		{178E0115-DA01-4036-881F-6D08A05FF497}.Debug|Any CPU.ActiveCfg = Debug|Any CPU
		{178E0115-DA01-4036-881F-6D08A05FF497}.Debug|Any CPU.Build.0 = Debug|Any CPU
		{178E0115-DA01-4036-881F-6D08A05FF497}.Release|Any CPU.ActiveCfg = Release|Any CPU
		{178E0115-DA01-4036-881F-6D08A05FF497}.Release|Any CPU.Build.0 = Release|Any CPU
		{D2A798AB-26B1-4765-80CA-8FE66C1456A2}.Debug|Any CPU.ActiveCfg = Debug|Any CPU
		{D2A798AB-26B1-4765-80CA-8FE66C1456A2}.Debug|Any CPU.Build.0 = Debug|Any CPU
		{D2A798AB-26B1-4765-80CA-8FE66C1456A2}.Release|Any CPU.ActiveCfg = Release|Any CPU
		{D2A798AB-26B1-4765-80CA-8FE66C1456A2}.Release|Any CPU.Build.0 = Release|Any CPU
		{C82C0E0E-946D-443A-95FB-1180909DAF60}.Debug|Any CPU.ActiveCfg = Debug|Any CPU
		{C82C0E0E-946D-443A-95FB-1180909DAF60}.Debug|Any CPU.Build.0 = Debug|Any CPU
		{C82C0E0E-946D-443A-95FB-1180909DAF60}.Release|Any CPU.ActiveCfg = Release|Any CPU
		{C82C0E0E-946D-443A-95FB-1180909DAF60}.Release|Any CPU.Build.0 = Release|Any CPU
		{41CC4F7A-DAA9-4162-B602-244DE220DE7E}.Debug|Any CPU.ActiveCfg = Debug|Any CPU
		{41CC4F7A-DAA9-4162-B602-244DE220DE7E}.Debug|Any CPU.Build.0 = Debug|Any CPU
		{41CC4F7A-DAA9-4162-B602-244DE220DE7E}.Release|Any CPU.ActiveCfg = Release|Any CPU
		{41CC4F7A-DAA9-4162-B602-244DE220DE7E}.Release|Any CPU.Build.0 = Release|Any CPU
		{BF30F3D1-5152-44F5-A55D-B08599531D48}.Debug|Any CPU.ActiveCfg = Debug|Any CPU
		{BF30F3D1-5152-44F5-A55D-B08599531D48}.Debug|Any CPU.Build.0 = Debug|Any CPU
		{BF30F3D1-5152-44F5-A55D-B08599531D48}.Release|Any CPU.ActiveCfg = Release|Any CPU
		{BF30F3D1-5152-44F5-A55D-B08599531D48}.Release|Any CPU.Build.0 = Release|Any CPU
		{D275AA65-A4EB-474B-A271-CE065CB9C1D6}.Debug|Any CPU.ActiveCfg = Debug|Any CPU
		{D275AA65-A4EB-474B-A271-CE065CB9C1D6}.Debug|Any CPU.Build.0 = Debug|Any CPU
		{D275AA65-A4EB-474B-A271-CE065CB9C1D6}.Release|Any CPU.ActiveCfg = Release|Any CPU
		{D275AA65-A4EB-474B-A271-CE065CB9C1D6}.Release|Any CPU.Build.0 = Release|Any CPU
		{1E2FDD7B-4F6A-47BE-AD7C-A4FBD79C5551}.Debug|Any CPU.ActiveCfg = Debug|Any CPU
		{1E2FDD7B-4F6A-47BE-AD7C-A4FBD79C5551}.Debug|Any CPU.Build.0 = Debug|Any CPU
		{1E2FDD7B-4F6A-47BE-AD7C-A4FBD79C5551}.Release|Any CPU.ActiveCfg = Release|Any CPU
		{1E2FDD7B-4F6A-47BE-AD7C-A4FBD79C5551}.Release|Any CPU.Build.0 = Release|Any CPU
		{4C18FABA-F081-4DB9-8188-F676166B464A}.Debug|Any CPU.ActiveCfg = Debug|Any CPU
		{4C18FABA-F081-4DB9-8188-F676166B464A}.Debug|Any CPU.Build.0 = Debug|Any CPU
		{4C18FABA-F081-4DB9-8188-F676166B464A}.Release|Any CPU.ActiveCfg = Release|Any CPU
		{4C18FABA-F081-4DB9-8188-F676166B464A}.Release|Any CPU.Build.0 = Release|Any CPU
		{3F82D9D5-3F5A-42A0-9182-1FE54E99CE94}.Debug|Any CPU.ActiveCfg = Debug|Any CPU
		{3F82D9D5-3F5A-42A0-9182-1FE54E99CE94}.Debug|Any CPU.Build.0 = Debug|Any CPU
		{3F82D9D5-3F5A-42A0-9182-1FE54E99CE94}.Release|Any CPU.ActiveCfg = Release|Any CPU
		{3F82D9D5-3F5A-42A0-9182-1FE54E99CE94}.Release|Any CPU.Build.0 = Release|Any CPU
		{EF2683EF-5609-46A8-BC34-E7417213131D}.Debug|Any CPU.ActiveCfg = Debug|Any CPU
		{EF2683EF-5609-46A8-BC34-E7417213131D}.Debug|Any CPU.Build.0 = Debug|Any CPU
		{EF2683EF-5609-46A8-BC34-E7417213131D}.Release|Any CPU.ActiveCfg = Release|Any CPU
		{EF2683EF-5609-46A8-BC34-E7417213131D}.Release|Any CPU.Build.0 = Release|Any CPU
		{ADDCC09B-300F-4040-B6D2-9CDCFF711470}.Debug|Any CPU.ActiveCfg = Debug|Any CPU
		{ADDCC09B-300F-4040-B6D2-9CDCFF711470}.Debug|Any CPU.Build.0 = Debug|Any CPU
		{ADDCC09B-300F-4040-B6D2-9CDCFF711470}.Release|Any CPU.ActiveCfg = Release|Any CPU
		{ADDCC09B-300F-4040-B6D2-9CDCFF711470}.Release|Any CPU.Build.0 = Release|Any CPU
		{7B67F365-AA09-4F05-B0D0-FD5BB12AB2A5}.Debug|Any CPU.ActiveCfg = Debug|Any CPU
		{7B67F365-AA09-4F05-B0D0-FD5BB12AB2A5}.Debug|Any CPU.Build.0 = Debug|Any CPU
		{7B67F365-AA09-4F05-B0D0-FD5BB12AB2A5}.Release|Any CPU.ActiveCfg = Release|Any CPU
		{7B67F365-AA09-4F05-B0D0-FD5BB12AB2A5}.Release|Any CPU.Build.0 = Release|Any CPU
		{CB1FE655-8440-4E12-9163-FC852E5CBBEC}.Debug|Any CPU.ActiveCfg = Debug|Any CPU
		{CB1FE655-8440-4E12-9163-FC852E5CBBEC}.Debug|Any CPU.Build.0 = Debug|Any CPU
		{CB1FE655-8440-4E12-9163-FC852E5CBBEC}.Release|Any CPU.ActiveCfg = Release|Any CPU
		{CB1FE655-8440-4E12-9163-FC852E5CBBEC}.Release|Any CPU.Build.0 = Release|Any CPU
		{9D130121-7858-4860-ACCD-C8B5B689DB90}.Debug|Any CPU.ActiveCfg = Debug|Any CPU
		{9D130121-7858-4860-ACCD-C8B5B689DB90}.Debug|Any CPU.Build.0 = Debug|Any CPU
		{9D130121-7858-4860-ACCD-C8B5B689DB90}.Release|Any CPU.ActiveCfg = Release|Any CPU
		{9D130121-7858-4860-ACCD-C8B5B689DB90}.Release|Any CPU.Build.0 = Release|Any CPU
		{DD04370E-65EE-4DC5-ACF0-65EAFD665554}.Debug|Any CPU.ActiveCfg = Debug|Any CPU
		{DD04370E-65EE-4DC5-ACF0-65EAFD665554}.Debug|Any CPU.Build.0 = Debug|Any CPU
		{DD04370E-65EE-4DC5-ACF0-65EAFD665554}.Release|Any CPU.ActiveCfg = Release|Any CPU
		{DD04370E-65EE-4DC5-ACF0-65EAFD665554}.Release|Any CPU.Build.0 = Release|Any CPU
	EndGlobalSection
	GlobalSection(SolutionProperties) = preSolution
		HideSolutionNode = FALSE
	EndGlobalSection
	GlobalSection(NestedProjects) = preSolution
		{F03AD481-FFFA-449A-89E9-0BFC5A25B4F4} = {02EA681E-C7D8-13C7-8484-4AC65E1B71E8}
		{A2A0D981-3568-416E-A8CE-94E7EBA7725B} = {8DFC7D77-D4A4-422B-A4D2-666C87C6C959}
		{55DF9DAE-9266-4203-B6B4-5ADDEA5571A0} = {3144CAA0-AE6E-4AA8-BF3C-60BCD9479FBA}
		{FB1956A3-F03C-417A-9BEA-B6B0807989E5} = {3144CAA0-AE6E-4AA8-BF3C-60BCD9479FBA}
		{86DFD823-9A94-417A-A1C8-54C42AF09318} = {3144CAA0-AE6E-4AA8-BF3C-60BCD9479FBA}
		{178E0115-DA01-4036-881F-6D08A05FF497} = {BDD98AB9-7751-49BB-ACEB-5E2AC8F137CA}
		{D2A798AB-26B1-4765-80CA-8FE66C1456A2} = {BDD98AB9-7751-49BB-ACEB-5E2AC8F137CA}
		{C82C0E0E-946D-443A-95FB-1180909DAF60} = {BDD98AB9-7751-49BB-ACEB-5E2AC8F137CA}
		{41CC4F7A-DAA9-4162-B602-244DE220DE7E} = {AEFCD948-C2B7-4D0E-9E8C-228BC7694A48}
		{BF30F3D1-5152-44F5-A55D-B08599531D48} = {AEFCD948-C2B7-4D0E-9E8C-228BC7694A48}
		{D275AA65-A4EB-474B-A271-CE065CB9C1D6} = {AEFCD948-C2B7-4D0E-9E8C-228BC7694A48}
		{1E2FDD7B-4F6A-47BE-AD7C-A4FBD79C5551} = {0924514E-2311-44CB-8FC0-A01443112230}
		{4C18FABA-F081-4DB9-8188-F676166B464A} = {0924514E-2311-44CB-8FC0-A01443112230}
		{3F82D9D5-3F5A-42A0-9182-1FE54E99CE94} = {0924514E-2311-44CB-8FC0-A01443112230}
		{EF2683EF-5609-46A8-BC34-E7417213131D} = {2771DD75-462E-4663-9111-1731BE2E3237}
		{ADDCC09B-300F-4040-B6D2-9CDCFF711470} = {2771DD75-462E-4663-9111-1731BE2E3237}
		{7B67F365-AA09-4F05-B0D0-FD5BB12AB2A5} = {2771DD75-462E-4663-9111-1731BE2E3237}
		{CB1FE655-8440-4E12-9163-FC852E5CBBEC} = {11791A37-7F72-48A8-9682-9FE4D7E3D743}
		{9D130121-7858-4860-ACCD-C8B5B689DB90} = {11791A37-7F72-48A8-9682-9FE4D7E3D743}
		{DD04370E-65EE-4DC5-ACF0-65EAFD665554} = {11791A37-7F72-48A8-9682-9FE4D7E3D743}
	EndGlobalSection
	GlobalSection(ExtensibilityGlobals) = postSolution
		SolutionGuid = {7E050398-2602-4073-8FCE-9D1AF4A21A65}
	EndGlobalSection
EndGlobal
